
Microsoft Visual Studio Solution File, Format Version 12.00
# Visual Studio Version 17
VisualStudioVersion = 17.7.34024.191
MinimumVisualStudioVersion = 10.0.40219.1
Project("{FAE04EC0-301F-11D3-BF4B-00C04F79EFBC}") = "MVCCORE_CodeFirst", "MVCCORE_CodeFirst\MVCCORE_CodeFirst.csproj", "{A8344E54-EFF5-4852-BABF-BF9BA2FACE2E}"
EndProject
Global
	GlobalSection(SolutionConfigurationPlatforms) = preSolution
		Debug|Any CPU = Debug|Any CPU
		Release|Any CPU = Release|Any CPU
	EndGlobalSection
	GlobalSection(ProjectConfigurationPlatforms) = postSolution
		{A8344E54-EFF5-4852-BABF-BF9BA2FACE2E}.Debug|Any CPU.ActiveCfg = Debug|Any CPU
		{A8344E54-EFF5-4852-BABF-BF9BA2FACE2E}.Debug|Any CPU.Build.0 = Debug|Any CPU
		{A8344E54-EFF5-4852-BABF-BF9BA2FACE2E}.Release|Any CPU.ActiveCfg = Release|Any CPU
		{A8344E54-EFF5-4852-BABF-BF9BA2FACE2E}.Release|Any CPU.Build.0 = Release|Any CPU
	EndGlobalSection
	GlobalSection(SolutionProperties) = preSolution
		HideSolutionNode = FALSE
	EndGlobalSection
	GlobalSection(ExtensibilityGlobals) = postSolution
		SolutionGuid = {81A58BCF-99D6-4502-9F3A-4F85284E4362}
	EndGlobalSection
EndGlobal
